
Microsoft Visual Studio Solution File, Format Version 12.00
# Visual Studio 2013
VisualStudioVersion = 12.0.31101.0
MinimumVisualStudioVersion = 10.0.40219.1
Project("{FAE04EC0-301F-11D3-BF4B-00C04F79EFBC}") = "SalesAnalysis", "SalesAnalysis\SalesAnalysis.csproj", "{CDBDF577-7A46-444F-98BB-5F752E2FD36B}"
EndProject
Project("{FAE04EC0-301F-11D3-BF4B-00C04F79EFBC}") = "DatabaseModel", "DatabaseModel\DatabaseModel.csproj", "{75B00886-4881-4108-8687-308FE09211F4}"
EndProject
Project("{FAE04EC0-301F-11D3-BF4B-00C04F79EFBC}") = "DAL", "DAL\DAL.csproj", "{BF9DF141-B228-4055-8D7C-89DDEB1A2772}"
EndProject
Global
	GlobalSection(SolutionConfigurationPlatforms) = preSolution
		Debug|Any CPU = Debug|Any CPU
		Release|Any CPU = Release|Any CPU
	EndGlobalSection
	GlobalSection(ProjectConfigurationPlatforms) = postSolution
		{CDBDF577-7A46-444F-98BB-5F752E2FD36B}.Debug|Any CPU.ActiveCfg = Debug|Any CPU
		{CDBDF577-7A46-444F-98BB-5F752E2FD36B}.Debug|Any CPU.Build.0 = Debug|Any CPU
		{CDBDF577-7A46-444F-98BB-5F752E2FD36B}.Release|Any CPU.ActiveCfg = Release|Any CPU
		{CDBDF577-7A46-444F-98BB-5F752E2FD36B}.Release|Any CPU.Build.0 = Release|Any CPU
		{75B00886-4881-4108-8687-308FE09211F4}.Debug|Any CPU.ActiveCfg = Debug|Any CPU
		{75B00886-4881-4108-8687-308FE09211F4}.Debug|Any CPU.Build.0 = Debug|Any CPU
		{75B00886-4881-4108-8687-308FE09211F4}.Release|Any CPU.ActiveCfg = Release|Any CPU
		{75B00886-4881-4108-8687-308FE09211F4}.Release|Any CPU.Build.0 = Release|Any CPU
		{BF9DF141-B228-4055-8D7C-89DDEB1A2772}.Debug|Any CPU.ActiveCfg = Debug|Any CPU
		{BF9DF141-B228-4055-8D7C-89DDEB1A2772}.Debug|Any CPU.Build.0 = Debug|Any CPU
		{BF9DF141-B228-4055-8D7C-89DDEB1A2772}.Release|Any CPU.ActiveCfg = Release|Any CPU
		{BF9DF141-B228-4055-8D7C-89DDEB1A2772}.Release|Any CPU.Build.0 = Release|Any CPU
	EndGlobalSection
	GlobalSection(SolutionProperties) = preSolution
		HideSolutionNode = FALSE
	EndGlobalSection
EndGlobal
